
Microsoft Visual Studio Solution File, Format Version 12.00
# Visual Studio Version 16
Project("{8BC9CEB8-8B4A-11D0-8D11-00A0C91BC942}") = "ALL_BUILD", "ALL_BUILD.vcxproj", "{0D2383F3-0BD7-39BC-919F-71752026A603}"
	ProjectSection(ProjectDependencies) = postProject
		{A2D852FF-7A79-3DDF-B9C6-621B931076A2} = {A2D852FF-7A79-3DDF-B9C6-621B931076A2}
		{07C63274-EEE4-3701-8111-DC051DFFF57F} = {07C63274-EEE4-3701-8111-DC051DFFF57F}
		{AEDCAD51-CB03-3D51-847B-BE368D7A74B8} = {AEDCAD51-CB03-3D51-847B-BE368D7A74B8}
	EndProjectSection
EndProject
Project("{8BC9CEB8-8B4A-11D0-8D11-00A0C91BC942}") = "ZERO_CHECK", "ZERO_CHECK.vcxproj", "{A2D852FF-7A79-3DDF-B9C6-621B931076A2}"
	ProjectSection(ProjectDependencies) = postProject
	EndProjectSection
EndProject
Project("{8BC9CEB8-8B4A-11D0-8D11-00A0C91BC942}") = "base-classes", "base-classes\base-classes.vcxproj", "{07C63274-EEE4-3701-8111-DC051DFFF57F}"
	ProjectSection(ProjectDependencies) = postProject
		{A2D852FF-7A79-3DDF-B9C6-621B931076A2} = {A2D852FF-7A79-3DDF-B9C6-621B931076A2}
	EndProjectSection
EndProject
Project("{8BC9CEB8-8B4A-11D0-8D11-00A0C91BC942}") = "typetest", "typetest.vcxproj", "{AEDCAD51-CB03-3D51-847B-BE368D7A74B8}"
	ProjectSection(ProjectDependencies) = postProject
		{A2D852FF-7A79-3DDF-B9C6-621B931076A2} = {A2D852FF-7A79-3DDF-B9C6-621B931076A2}
		{07C63274-EEE4-3701-8111-DC051DFFF57F} = {07C63274-EEE4-3701-8111-DC051DFFF57F}
	EndProjectSection
EndProject
Global
	GlobalSection(SolutionConfigurationPlatforms) = preSolution
		Debug|x64 = Debug|x64
		Release|x64 = Release|x64
		MinSizeRel|x64 = MinSizeRel|x64
		RelWithDebInfo|x64 = RelWithDebInfo|x64
	EndGlobalSection
	GlobalSection(ProjectConfigurationPlatforms) = postSolution
		{0D2383F3-0BD7-39BC-919F-71752026A603}.Debug|x64.ActiveCfg = Debug|x64
		{0D2383F3-0BD7-39BC-919F-71752026A603}.Release|x64.ActiveCfg = Release|x64
		{0D2383F3-0BD7-39BC-919F-71752026A603}.MinSizeRel|x64.ActiveCfg = MinSizeRel|x64
		{0D2383F3-0BD7-39BC-919F-71752026A603}.RelWithDebInfo|x64.ActiveCfg = RelWithDebInfo|x64
		{A2D852FF-7A79-3DDF-B9C6-621B931076A2}.Debug|x64.ActiveCfg = Debug|x64
		{A2D852FF-7A79-3DDF-B9C6-621B931076A2}.Debug|x64.Build.0 = Debug|x64
		{A2D852FF-7A79-3DDF-B9C6-621B931076A2}.Release|x64.ActiveCfg = Release|x64
		{A2D852FF-7A79-3DDF-B9C6-621B931076A2}.Release|x64.Build.0 = Release|x64
		{A2D852FF-7A79-3DDF-B9C6-621B931076A2}.MinSizeRel|x64.ActiveCfg = MinSizeRel|x64
		{A2D852FF-7A79-3DDF-B9C6-621B931076A2}.MinSizeRel|x64.Build.0 = MinSizeRel|x64
		{A2D852FF-7A79-3DDF-B9C6-621B931076A2}.RelWithDebInfo|x64.ActiveCfg = RelWithDebInfo|x64
		{A2D852FF-7A79-3DDF-B9C6-621B931076A2}.RelWithDebInfo|x64.Build.0 = RelWithDebInfo|x64
		{07C63274-EEE4-3701-8111-DC051DFFF57F}.Debug|x64.ActiveCfg = Debug|x64
		{07C63274-EEE4-3701-8111-DC051DFFF57F}.Debug|x64.Build.0 = Debug|x64
		{07C63274-EEE4-3701-8111-DC051DFFF57F}.Release|x64.ActiveCfg = Release|x64
		{07C63274-EEE4-3701-8111-DC051DFFF57F}.Release|x64.Build.0 = Release|x64
		{07C63274-EEE4-3701-8111-DC051DFFF57F}.MinSizeRel|x64.ActiveCfg = MinSizeRel|x64
		{07C63274-EEE4-3701-8111-DC051DFFF57F}.MinSizeRel|x64.Build.0 = MinSizeRel|x64
		{07C63274-EEE4-3701-8111-DC051DFFF57F}.RelWithDebInfo|x64.ActiveCfg = RelWithDebInfo|x64
		{07C63274-EEE4-3701-8111-DC051DFFF57F}.RelWithDebInfo|x64.Build.0 = RelWithDebInfo|x64
		{AEDCAD51-CB03-3D51-847B-BE368D7A74B8}.Debug|x64.ActiveCfg = Debug|x64
		{AEDCAD51-CB03-3D51-847B-BE368D7A74B8}.Debug|x64.Build.0 = Debug|x64
		{AEDCAD51-CB03-3D51-847B-BE368D7A74B8}.Release|x64.ActiveCfg = Release|x64
		{AEDCAD51-CB03-3D51-847B-BE368D7A74B8}.Release|x64.Build.0 = Release|x64
		{AEDCAD51-CB03-3D51-847B-BE368D7A74B8}.MinSizeRel|x64.ActiveCfg = MinSizeRel|x64
		{AEDCAD51-CB03-3D51-847B-BE368D7A74B8}.MinSizeRel|x64.Build.0 = MinSizeRel|x64
		{AEDCAD51-CB03-3D51-847B-BE368D7A74B8}.RelWithDebInfo|x64.ActiveCfg = RelWithDebInfo|x64
		{AEDCAD51-CB03-3D51-847B-BE368D7A74B8}.RelWithDebInfo|x64.Build.0 = RelWithDebInfo|x64
	EndGlobalSection
	GlobalSection(ExtensibilityGlobals) = postSolution
		SolutionGuid = {D38E18F8-903E-3303-A447-253864D24D9E}
	EndGlobalSection
	GlobalSection(ExtensibilityAddIns) = postSolution
	EndGlobalSection
EndGlobal
