<?xml version="1.0" encoding="utf-8"?>
<Project ToolsVersion="16.0" xmlns="http://schemas.microsoft.com/developer/msbuild/2003">
  <ItemGroup>
    <CustomBuild Include="C:\Users\itpre\Documents\GitHub\cli-typing-test\CMakeFiles\e1a061f6aae4c822bbd4b0a282320f3c\generate.stamp.rule">
      <Filter>CMake Rules</Filter>
    </CustomBuild>
  </ItemGroup>
  <ItemGroup>
    <Filter Include="CMake Rules">
      <UniqueIdentifier>{1E503096-2F97-39E4-A141-D928BEC1ACBF}</UniqueIdentifier>
    </Filter>
  </ItemGroup>
</Project>
